{
  "name": "kube-news",
  "lockfileVersion": 2,
  "requires": true,
  "packages": {
    "": {
      "dependencies": {
        "jenkins": "^1.0.1"
      }
    },
    "node_modules/jenkins": {
      "version": "1.0.1",
      "resolved": "https://registry.npmjs.org/jenkins/-/jenkins-1.0.1.tgz",
      "integrity": "sha512-AIcd38CBzro7fnjqUhuBlDXwIR/C1dhRNVz5pzKsHyEEGUk3zwHw1v5vouBap/y6FkNMxAMB7nwiesidOGXnqw==",
      "dependencies": {
        "papi": "^1.1.0"
      }
    },
    "node_modules/papi": {
      "version": "1.1.2",
      "resolved": "https://registry.npmjs.org/papi/-/papi-1.1.2.tgz",
      "integrity": "sha512-cwM6pPpfAYgPe3EQi23SmB5J5s4XFS9lou9z63I5BbnMGmFaR8LAKvKboW7n1IUAKj76OtnyK0YU16JjnZrqVg==",
      "engines": {
        "node": ">=10.0.0"
      }
    }
  },
  "dependencies": {
    "jenkins": {
      "version": "1.0.1",
      "resolved": "https://registry.npmjs.org/jenkins/-/jenkins-1.0.1.tgz",
      "integrity": "sha512-AIcd38CBzro7fnjqUhuBlDXwIR/C1dhRNVz5pzKsHyEEGUk3zwHw1v5vouBap/y6FkNMxAMB7nwiesidOGXnqw==",
      "requires": {
        "papi": "^1.1.0"
      }
    },
    "papi": {
      "version": "1.1.2",
      "resolved": "https://registry.npmjs.org/papi/-/papi-1.1.2.tgz",
      "integrity": "sha512-cwM6pPpfAYgPe3EQi23SmB5J5s4XFS9lou9z63I5BbnMGmFaR8LAKvKboW7n1IUAKj76OtnyK0YU16JjnZrqVg=="
    }
  }
}
